
Microsoft Visual Studio Solution File, Format Version 12.00
# Visual Studio Version 16
VisualStudioVersion = 16.0.29613.14
MinimumVisualStudioVersion = 10.0.40219.1
Project("{8BC9CEB8-8B4A-11D0-8D11-00A0C91BC942}") = "Project6", "Project6.vcxproj", "{EEFBD333-2DA1-4E52-A758-EABBE2FB6007}"
EndProject
Global
	GlobalSection(SolutionConfigurationPlatforms) = preSolution
		Debug|x64 = Debug|x64
		Debug|x86 = Debug|x86
		Release|x64 = Release|x64
		Release|x86 = Release|x86
	EndGlobalSection
	GlobalSection(ProjectConfigurationPlatforms) = postSolution
		{EEFBD333-2DA1-4E52-A758-EABBE2FB6007}.Debug|x64.ActiveCfg = Debug|x64
		{EEFBD333-2DA1-4E52-A758-EABBE2FB6007}.Debug|x64.Build.0 = Debug|x64
		{EEFBD333-2DA1-4E52-A758-EABBE2FB6007}.Debug|x86.ActiveCfg = Debug|Win32
		{EEFBD333-2DA1-4E52-A758-EABBE2FB6007}.Debug|x86.Build.0 = Debug|Win32
		{EEFBD333-2DA1-4E52-A758-EABBE2FB6007}.Release|x64.ActiveCfg = Release|x64
		{EEFBD333-2DA1-4E52-A758-EABBE2FB6007}.Release|x64.Build.0 = Release|x64
		{EEFBD333-2DA1-4E52-A758-EABBE2FB6007}.Release|x86.ActiveCfg = Release|Win32
		{EEFBD333-2DA1-4E52-A758-EABBE2FB6007}.Release|x86.Build.0 = Release|Win32
	EndGlobalSection
	GlobalSection(SolutionProperties) = preSolution
		HideSolutionNode = FALSE
	EndGlobalSection
	GlobalSection(ExtensibilityGlobals) = postSolution
		SolutionGuid = {86E0624C-3EBB-4BD9-B23E-59E4B8A5A03C}
	EndGlobalSection
EndGlobal
